// !$*UTF8*$!
{
	archiveVersion = 1;
	classes = {
	};
	objectVersion = 50;
	objects = {

/* Begin PBXBuildFile section */
		136D44C225583D9000AEE860 /* AppDelegate.swift in Sources */ = {isa = PBXBuildFile; fileRef = 136D44C125583D9000AEE860 /* AppDelegate.swift */; };
		136D44C425583D9000AEE860 /* SceneDelegate.swift in Sources */ = {isa = PBXBuildFile; fileRef = 136D44C325583D9000AEE860 /* SceneDelegate.swift */; };
		136D44C625583D9000AEE860 /* ViewController.swift in Sources */ = {isa = PBXBuildFile; fileRef = 136D44C525583D9000AEE860 /* ViewController.swift */; };
		136D44C925583D9000AEE860 /* Main.storyboard in Resources */ = {isa = PBXBuildFile; fileRef = 136D44C725583D9000AEE860 /* Main.storyboard */; };
		136D44CC25583D9000AEE860 /* Mesa_News.xcdatamodeld in Sources */ = {isa = PBXBuildFile; fileRef = 136D44CA25583D9000AEE860 /* Mesa_News.xcdatamodeld */; };
		136D44CE25583D9300AEE860 /* Assets.xcassets in Resources */ = {isa = PBXBuildFile; fileRef = 136D44CD25583D9300AEE860 /* Assets.xcassets */; };
		136D44D125583D9300AEE860 /* LaunchScreen.storyboard in Resources */ = {isa = PBXBuildFile; fileRef = 136D44CF25583D9300AEE860 /* LaunchScreen.storyboard */; };
		136D44DC25583D9300AEE860 /* Mesa_NewsTests.swift in Sources */ = {isa = PBXBuildFile; fileRef = 136D44DB25583D9300AEE860 /* Mesa_NewsTests.swift */; };
		136D44E725583D9300AEE860 /* Mesa_NewsUITests.swift in Sources */ = {isa = PBXBuildFile; fileRef = 136D44E625583D9300AEE860 /* Mesa_NewsUITests.swift */; };
/* End PBXBuildFile section */

/* Begin PBXContainerItemProxy section */
		136D44D825583D9300AEE860 /* PBXContainerItemProxy */ = {
			isa = PBXContainerItemProxy;
			containerPortal = 136D44B625583D9000AEE860 /* Project object */;
			proxyType = 1;
			remoteGlobalIDString = 136D44BD25583D9000AEE860;
			remoteInfo = "Mesa News";
		};
		136D44E325583D9300AEE860 /* PBXContainerItemProxy */ = {
			isa = PBXContainerItemProxy;
			containerPortal = 136D44B625583D9000AEE860 /* Project object */;
			proxyType = 1;
			remoteGlobalIDString = 136D44BD25583D9000AEE860;
			remoteInfo = "Mesa News";
		};
/* End PBXContainerItemProxy section */

/* Begin PBXFileReference section */
		136D44BE25583D9000AEE860 /* Mesa News.app */ = {isa = PBXFileReference; explicitFileType = wrapper.application; includeInIndex = 0; path = "Mesa News.app"; sourceTree = BUILT_PRODUCTS_DIR; };
		136D44C125583D9000AEE860 /* AppDelegate.swift */ = {isa = PBXFileReference; lastKnownFileType = sourcecode.swift; path = AppDelegate.swift; sourceTree = "<group>"; };
		136D44C325583D9000AEE860 /* SceneDelegate.swift */ = {isa = PBXFileReference; lastKnownFileType = sourcecode.swift; path = SceneDelegate.swift; sourceTree = "<group>"; };
		136D44C525583D9000AEE860 /* ViewController.swift */ = {isa = PBXFileReference; lastKnownFileType = sourcecode.swift; path = ViewController.swift; sourceTree = "<group>"; };
		136D44C825583D9000AEE860 /* Base */ = {isa = PBXFileReference; lastKnownFileType = file.storyboard; name = Base; path = Base.lproj/Main.storyboard; sourceTree = "<group>"; };
		136D44CB25583D9000AEE860 /* Mesa_News.xcdatamodel */ = {isa = PBXFileReference; lastKnownFileType = wrapper.xcdatamodel; path = Mesa_News.xcdatamodel; sourceTree = "<group>"; };
		136D44CD25583D9300AEE860 /* Assets.xcassets */ = {isa = PBXFileReference; lastKnownFileType = folder.assetcatalog; path = Assets.xcassets; sourceTree = "<group>"; };
		136D44D025583D9300AEE860 /* Base */ = {isa = PBXFileReference; lastKnownFileType = file.storyboard; name = Base; path = Base.lproj/LaunchScreen.storyboard; sourceTree = "<group>"; };
		136D44D225583D9300AEE860 /* Info.plist */ = {isa = PBXFileReference; lastKnownFileType = text.plist.xml; path = Info.plist; sourceTree = "<group>"; };
		136D44D725583D9300AEE860 /* Mesa NewsTests.xctest */ = {isa = PBXFileReference; explicitFileType = wrapper.cfbundle; includeInIndex = 0; path = "Mesa NewsTests.xctest"; sourceTree = BUILT_PRODUCTS_DIR; };
		136D44DB25583D9300AEE860 /* Mesa_NewsTests.swift */ = {isa = PBXFileReference; lastKnownFileType = sourcecode.swift; path = Mesa_NewsTests.swift; sourceTree = "<group>"; };
		136D44DD25583D9300AEE860 /* Info.plist */ = {isa = PBXFileReference; lastKnownFileType = text.plist.xml; path = Info.plist; sourceTree = "<group>"; };
		136D44E225583D9300AEE860 /* Mesa NewsUITests.xctest */ = {isa = PBXFileReference; explicitFileType = wrapper.cfbundle; includeInIndex = 0; path = "Mesa NewsUITests.xctest"; sourceTree = BUILT_PRODUCTS_DIR; };
		136D44E625583D9300AEE860 /* Mesa_NewsUITests.swift */ = {isa = PBXFileReference; lastKnownFileType = sourcecode.swift; path = Mesa_NewsUITests.swift; sourceTree = "<group>"; };
		136D44E825583D9300AEE860 /* Info.plist */ = {isa = PBXFileReference; lastKnownFileType = text.plist.xml; path = Info.plist; sourceTree = "<group>"; };
/* End PBXFileReference section */

/* Begin PBXFrameworksBuildPhase section */
		136D44BB25583D9000AEE860 /* Frameworks */ = {
			isa = PBXFrameworksBuildPhase;
			buildActionMask = 2147483647;
			files = (
			);
			runOnlyForDeploymentPostprocessing = 0;
		};
		136D44D425583D9300AEE860 /* Frameworks */ = {
			isa = PBXFrameworksBuildPhase;
			buildActionMask = 2147483647;
			files = (
			);
			runOnlyForDeploymentPostprocessing = 0;
		};
		136D44DF25583D9300AEE860 /* Frameworks */ = {
			isa = PBXFrameworksBuildPhase;
			buildActionMask = 2147483647;
			files = (
			);
			runOnlyForDeploymentPostprocessing = 0;
		};
/* End PBXFrameworksBuildPhase section */

/* Begin PBXGroup section */
		136D44B525583D9000AEE860 = {
			isa = PBXGroup;
			children = (
				136D44C025583D9000AEE860 /* Mesa News */,
				136D44DA25583D9300AEE860 /* Mesa NewsTests */,
				136D44E525583D9300AEE860 /* Mesa NewsUITests */,
				136D44BF25583D9000AEE860 /* Products */,
			);
			sourceTree = "<group>";
		};
		136D44BF25583D9000AEE860 /* Products */ = {
			isa = PBXGroup;
			children = (
				136D44BE25583D9000AEE860 /* Mesa News.app */,
				136D44D725583D9300AEE860 /* Mesa NewsTests.xctest */,
				136D44E225583D9300AEE860 /* Mesa NewsUITests.xctest */,
			);
			name = Products;
			sourceTree = "<group>";
		};
		136D44C025583D9000AEE860 /* Mesa News */ = {
			isa = PBXGroup;
			children = (
				136D44C125583D9000AEE860 /* AppDelegate.swift */,
				136D44C325583D9000AEE860 /* SceneDelegate.swift */,
				136D44C525583D9000AEE860 /* ViewController.swift */,
				136D44C725583D9000AEE860 /* Main.storyboard */,
				136D44CD25583D9300AEE860 /* Assets.xcassets */,
				136D44CF25583D9300AEE860 /* LaunchScreen.storyboard */,
				136D44D225583D9300AEE860 /* Info.plist */,
				136D44CA25583D9000AEE860 /* Mesa_News.xcdatamodeld */,
			);
			path = "Mesa News";
			sourceTree = "<group>";
		};
		136D44DA25583D9300AEE860 /* Mesa NewsTests */ = {
			isa = PBXGroup;
			children = (
				136D44DB25583D9300AEE860 /* Mesa_NewsTests.swift */,
				136D44DD25583D9300AEE860 /* Info.plist */,
			);
			path = "Mesa NewsTests";
			sourceTree = "<group>";
		};
		136D44E525583D9300AEE860 /* Mesa NewsUITests */ = {
			isa = PBXGroup;
			children = (
				136D44E625583D9300AEE860 /* Mesa_NewsUITests.swift */,
				136D44E825583D9300AEE860 /* Info.plist */,
			);
			path = "Mesa NewsUITests";
			sourceTree = "<group>";
		};
/* End PBXGroup section */

/* Begin PBXNativeTarget section */
		136D44BD25583D9000AEE860 /* Mesa News */ = {
			isa = PBXNativeTarget;
			buildConfigurationList = 136D44EB25583D9300AEE860 /* Build configuration list for PBXNativeTarget "Mesa News" */;
			buildPhases = (
				136D44BA25583D9000AEE860 /* Sources */,
				136D44BB25583D9000AEE860 /* Frameworks */,
				136D44BC25583D9000AEE860 /* Resources */,
			);
			buildRules = (
			);
			dependencies = (
			);
			name = "Mesa News";
			productName = "Mesa News";
			productReference = 136D44BE25583D9000AEE860 /* Mesa News.app */;
			productType = "com.apple.product-type.application";
		};
		136D44D625583D9300AEE860 /* Mesa NewsTests */ = {
			isa = PBXNativeTarget;
			buildConfigurationList = 136D44EE25583D9300AEE860 /* Build configuration list for PBXNativeTarget "Mesa NewsTests" */;
			buildPhases = (
				136D44D325583D9300AEE860 /* Sources */,
				136D44D425583D9300AEE860 /* Frameworks */,
				136D44D525583D9300AEE860 /* Resources */,
			);
			buildRules = (
			);
			dependencies = (
				136D44D925583D9300AEE860 /* PBXTargetDependency */,
			);
			name = "Mesa NewsTests";
			productName = "Mesa NewsTests";
			productReference = 136D44D725583D9300AEE860 /* Mesa NewsTests.xctest */;
			productType = "com.apple.product-type.bundle.unit-test";
		};
		136D44E125583D9300AEE860 /* Mesa NewsUITests */ = {
			isa = PBXNativeTarget;
			buildConfigurationList = 136D44F125583D9300AEE860 /* Build configuration list for PBXNativeTarget "Mesa NewsUITests" */;
			buildPhases = (
				136D44DE25583D9300AEE860 /* Sources */,
				136D44DF25583D9300AEE860 /* Frameworks */,
				136D44E025583D9300AEE860 /* Resources */,
			);
			buildRules = (
			);
			dependencies = (
				136D44E425583D9300AEE860 /* PBXTargetDependency */,
			);
			name = "Mesa NewsUITests";
			productName = "Mesa NewsUITests";
			productReference = 136D44E225583D9300AEE860 /* Mesa NewsUITests.xctest */;
			productType = "com.apple.product-type.bundle.ui-testing";
		};
/* End PBXNativeTarget section */

/* Begin PBXProject section */
		136D44B625583D9000AEE860 /* Project object */ = {
			isa = PBXProject;
			attributes = {
				LastSwiftUpdateCheck = 1210;
				LastUpgradeCheck = 1210;
				TargetAttributes = {
					136D44BD25583D9000AEE860 = {
						CreatedOnToolsVersion = 12.1;
					};
					136D44D625583D9300AEE860 = {
						CreatedOnToolsVersion = 12.1;
						TestTargetID = 136D44BD25583D9000AEE860;
					};
					136D44E125583D9300AEE860 = {
						CreatedOnToolsVersion = 12.1;
						TestTargetID = 136D44BD25583D9000AEE860;
					};
				};
			};
			buildConfigurationList = 136D44B925583D9000AEE860 /* Build configuration list for PBXProject "Mesa News" */;
			compatibilityVersion = "Xcode 9.3";
			developmentRegion = en;
			hasScannedForEncodings = 0;
			knownRegions = (
				en,
				Base,
			);
			mainGroup = 136D44B525583D9000AEE860;
			productRefGroup = 136D44BF25583D9000AEE860 /* Products */;
			projectDirPath = "";
			projectRoot = "";
			targets = (
				136D44BD25583D9000AEE860 /* Mesa News */,
				136D44D625583D9300AEE860 /* Mesa NewsTests */,
				136D44E125583D9300AEE860 /* Mesa NewsUITests */,
			);
		};
/* End PBXProject section */

/* Begin PBXResourcesBuildPhase section */
		136D44BC25583D9000AEE860 /* Resources */ = {
			isa = PBXResourcesBuildPhase;
			buildActionMask = 2147483647;
			files = (
				136D44D125583D9300AEE860 /* LaunchScreen.storyboard in Resources */,
				136D44CE25583D9300AEE860 /* Assets.xcassets in Resources */,
				136D44C925583D9000AEE860 /* Main.storyboard in Resources */,
			);
			runOnlyForDeploymentPostprocessing = 0;
		};
		136D44D525583D9300AEE860 /* Resources */ = {
			isa = PBXResourcesBuildPhase;
			buildActionMask = 2147483647;
			files = (
			);
			runOnlyForDeploymentPostprocessing = 0;
		};
		136D44E025583D9300AEE860 /* Resources */ = {
			isa = PBXResourcesBuildPhase;
			buildActionMask = 2147483647;
			files = (
			);
			runOnlyForDeploymentPostprocessing = 0;
		};
/* End PBXResourcesBuildPhase section */

/* Begin PBXSourcesBuildPhase section */
		136D44BA25583D9000AEE860 /* Sources */ = {
			isa = PBXSourcesBuildPhase;
			buildActionMask = 2147483647;
			files = (
				136D44CC25583D9000AEE860 /* Mesa_News.xcdatamodeld in Sources */,
				136D44C625583D9000AEE860 /* ViewController.swift in Sources */,
				136D44C225583D9000AEE860 /* AppDelegate.swift in Sources */,
				136D44C425583D9000AEE860 /* SceneDelegate.swift in Sources */,
			);
			runOnlyForDeploymentPostprocessing = 0;
		};
		136D44D325583D9300AEE860 /* Sources */ = {
			isa = PBXSourcesBuildPhase;
			buildActionMask = 2147483647;
			files = (
				136D44DC25583D9300AEE860 /* Mesa_NewsTests.swift in Sources */,
			);
			runOnlyForDeploymentPostprocessing = 0;
		};
		136D44DE25583D9300AEE860 /* Sources */ = {
			isa = PBXSourcesBuildPhase;
			buildActionMask = 2147483647;
			files = (
				136D44E725583D9300AEE860 /* Mesa_NewsUITests.swift in Sources */,
			);
			runOnlyForDeploymentPostprocessing = 0;
		};
/* End PBXSourcesBuildPhase section */

/* Begin PBXTargetDependency section */
		136D44D925583D9300AEE860 /* PBXTargetDependency */ = {
			isa = PBXTargetDependency;
			target = 136D44BD25583D9000AEE860 /* Mesa News */;
			targetProxy = 136D44D825583D9300AEE860 /* PBXContainerItemProxy */;
		};
		136D44E425583D9300AEE860 /* PBXTargetDependency */ = {
			isa = PBXTargetDependency;
			target = 136D44BD25583D9000AEE860 /* Mesa News */;
			targetProxy = 136D44E325583D9300AEE860 /* PBXContainerItemProxy */;
		};
/* End PBXTargetDependency section */

/* Begin PBXVariantGroup section */
		136D44C725583D9000AEE860 /* Main.storyboard */ = {
			isa = PBXVariantGroup;
			children = (
				136D44C825583D9000AEE860 /* Base */,
			);
			name = Main.storyboard;
			sourceTree = "<group>";
		};
		136D44CF25583D9300AEE860 /* LaunchScreen.storyboard */ = {
			isa = PBXVariantGroup;
			children = (
				136D44D025583D9300AEE860 /* Base */,
			);
			name = LaunchScreen.storyboard;
			sourceTree = "<group>";
		};
/* End PBXVariantGroup section */

/* Begin XCBuildConfiguration section */
		136D44E925583D9300AEE860 /* Debug */ = {
			isa = XCBuildConfiguration;
			buildSettings = {
				ALWAYS_SEARCH_USER_PATHS = NO;
				CLANG_ANALYZER_NONNULL = YES;
				CLANG_ANALYZER_NUMBER_OBJECT_CONVERSION = YES_AGGRESSIVE;
				CLANG_CXX_LANGUAGE_STANDARD = "gnu++14";
				CLANG_CXX_LIBRARY = "libc++";
				CLANG_ENABLE_MODULES = YES;
				CLANG_ENABLE_OBJC_ARC = YES;
				CLANG_ENABLE_OBJC_WEAK = YES;
				CLANG_WARN_BLOCK_CAPTURE_AUTORELEASING = YES;
				CLANG_WARN_BOOL_CONVERSION = YES;
				CLANG_WARN_COMMA = YES;
				CLANG_WARN_CONSTANT_CONVERSION = YES;
				CLANG_WARN_DEPRECATED_OBJC_IMPLEMENTATIONS = YES;
				CLANG_WARN_DIRECT_OBJC_ISA_USAGE = YES_ERROR;
				CLANG_WARN_DOCUMENTATION_COMMENTS = YES;
				CLANG_WARN_EMPTY_BODY = YES;
				CLANG_WARN_ENUM_CONVERSION = YES;
				CLANG_WARN_INFINITE_RECURSION = YES;
				CLANG_WARN_INT_CONVERSION = YES;
				CLANG_WARN_NON_LITERAL_NULL_CONVERSION = YES;
				CLANG_WARN_OBJC_IMPLICIT_RETAIN_SELF = YES;
				CLANG_WARN_OBJC_LITERAL_CONVERSION = YES;
				CLANG_WARN_OBJC_ROOT_CLASS = YES_ERROR;
				CLANG_WARN_QUOTED_INCLUDE_IN_FRAMEWORK_HEADER = YES;
				CLANG_WARN_RANGE_LOOP_ANALYSIS = YES;
				CLANG_WARN_STRICT_PROTOTYPES = YES;
				CLANG_WARN_SUSPICIOUS_MOVE = YES;
				CLANG_WARN_UNGUARDED_AVAILABILITY = YES_AGGRESSIVE;
				CLANG_WARN_UNREACHABLE_CODE = YES;
				CLANG_WARN__DUPLICATE_METHOD_MATCH = YES;
				COPY_PHASE_STRIP = NO;
				DEBUG_INFORMATION_FORMAT = dwarf;
				ENABLE_STRICT_OBJC_MSGSEND = YES;
				ENABLE_TESTABILITY = YES;
				GCC_C_LANGUAGE_STANDARD = gnu11;
				GCC_DYNAMIC_NO_PIC = NO;
				GCC_NO_COMMON_BLOCKS = YES;
				GCC_OPTIMIZATION_LEVEL = 0;
				GCC_PREPROCESSOR_DEFINITIONS = (
					"DEBUG=1",
					"$(inherited)",
				);
				GCC_WARN_64_TO_32_BIT_CONVERSION = YES;
				GCC_WARN_ABOUT_RETURN_TYPE = YES_ERROR;
				GCC_WARN_UNDECLARED_SELECTOR = YES;
				GCC_WARN_UNINITIALIZED_AUTOS = YES_AGGRESSIVE;
				GCC_WARN_UNUSED_FUNCTION = YES;
				GCC_WARN_UNUSED_VARIABLE = YES;
				IPHONEOS_DEPLOYMENT_TARGET = 14.1;
				MTL_ENABLE_DEBUG_INFO = INCLUDE_SOURCE;
				MTL_FAST_MATH = YES;
				ONLY_ACTIVE_ARCH = YES;
				SDKROOT = iphoneos;
				SWIFT_ACTIVE_COMPILATION_CONDITIONS = DEBUG;
				SWIFT_OPTIMIZATION_LEVEL = "-Onone";
			};
			name = Debug;
		};
		136D44EA25583D9300AEE860 /* Release */ = {
			isa = XCBuildConfiguration;
			buildSettings = {
				ALWAYS_SEARCH_USER_PATHS = NO;
				CLANG_ANALYZER_NONNULL = YES;
				CLANG_ANALYZER_NUMBER_OBJECT_CONVERSION = YES_AGGRESSIVE;
				CLANG_CXX_LANGUAGE_STANDARD = "gnu++14";
				CLANG_CXX_LIBRARY = "libc++";
				CLANG_ENABLE_MODULES = YES;
				CLANG_ENABLE_OBJC_ARC = YES;
				CLANG_ENABLE_OBJC_WEAK = YES;
				CLANG_WARN_BLOCK_CAPTURE_AUTORELEASING = YES;
				CLANG_WARN_BOOL_CONVERSION = YES;
				CLANG_WARN_COMMA = YES;
				CLANG_WARN_CONSTANT_CONVERSION = YES;
				CLANG_WARN_DEPRECATED_OBJC_IMPLEMENTATIONS = YES;
				CLANG_WARN_DIRECT_OBJC_ISA_USAGE = YES_ERROR;
				CLANG_WARN_DOCUMENTATION_COMMENTS = YES;
				CLANG_WARN_EMPTY_BODY = YES;
				CLANG_WARN_ENUM_CONVERSION = YES;
				CLANG_WARN_INFINITE_RECURSION = YES;
				CLANG_WARN_INT_CONVERSION = YES;
				CLANG_WARN_NON_LITERAL_NULL_CONVERSION = YES;
				CLANG_WARN_OBJC_IMPLICIT_RETAIN_SELF = YES;
				CLANG_WARN_OBJC_LITERAL_CONVERSION = YES;
				CLANG_WARN_OBJC_ROOT_CLASS = YES_ERROR;
				CLANG_WARN_QUOTED_INCLUDE_IN_FRAMEWORK_HEADER = YES;
				CLANG_WARN_RANGE_LOOP_ANALYSIS = YES;
				CLANG_WARN_STRICT_PROTOTYPES = YES;
				CLANG_WARN_SUSPICIOUS_MOVE = YES;
				CLANG_WARN_UNGUARDED_AVAILABILITY = YES_AGGRESSIVE;
				CLANG_WARN_UNREACHABLE_CODE = YES;
				CLANG_WARN__DUPLICATE_METHOD_MATCH = YES;
				COPY_PHASE_STRIP = NO;
				DEBUG_INFORMATION_FORMAT = "dwarf-with-dsym";
				ENABLE_NS_ASSERTIONS = NO;
				ENABLE_STRICT_OBJC_MSGSEND = YES;
				GCC_C_LANGUAGE_STANDARD = gnu11;
				GCC_NO_COMMON_BLOCKS = YES;
				GCC_WARN_64_TO_32_BIT_CONVERSION = YES;
				GCC_WARN_ABOUT_RETURN_TYPE = YES_ERROR;
				GCC_WARN_UNDECLARED_SELECTOR = YES;
				GCC_WARN_UNINITIALIZED_AUTOS = YES_AGGRESSIVE;
				GCC_WARN_UNUSED_FUNCTION = YES;
				GCC_WARN_UNUSED_VARIABLE = YES;
				IPHONEOS_DEPLOYMENT_TARGET = 14.1;
				MTL_ENABLE_DEBUG_INFO = NO;
				MTL_FAST_MATH = YES;
				SDKROOT = iphoneos;
				SWIFT_COMPILATION_MODE = wholemodule;
				SWIFT_OPTIMIZATION_LEVEL = "-O";
				VALIDATE_PRODUCT = YES;
			};
			name = Release;
		};
		136D44EC25583D9300AEE860 /* Debug */ = {
			isa = XCBuildConfiguration;
			buildSettings = {
				ASSETCATALOG_COMPILER_APPICON_NAME = AppIcon;
				ASSETCATALOG_COMPILER_GLOBAL_ACCENT_COLOR_NAME = AccentColor;
				CODE_SIGN_STYLE = Automatic;
				DEVELOPMENT_TEAM = NYG46NY933;
				INFOPLIST_FILE = "Mesa News/Info.plist";
				LD_RUNPATH_SEARCH_PATHS = (
					"$(inherited)",
					"@executable_path/Frameworks",
				);
				PRODUCT_BUNDLE_IDENTIFIER = "br.felipefigueiroa.Mesa-News";
				PRODUCT_NAME = "$(TARGET_NAME)";
				SWIFT_VERSION = 5.0;
				TARGETED_DEVICE_FAMILY = "1,2";
			};
			name = Debug;
		};
		136D44ED25583D9300AEE860 /* Release */ = {
			isa = XCBuildConfiguration;
			buildSettings = {
				ASSETCATALOG_COMPILER_APPICON_NAME = AppIcon;
				ASSETCATALOG_COMPILER_GLOBAL_ACCENT_COLOR_NAME = AccentColor;
				CODE_SIGN_STYLE = Automatic;
				DEVELOPMENT_TEAM = NYG46NY933;
				INFOPLIST_FILE = "Mesa News/Info.plist";
				LD_RUNPATH_SEARCH_PATHS = (
					"$(inherited)",
					"@executable_path/Frameworks",
				);
				PRODUCT_BUNDLE_IDENTIFIER = "br.felipefigueiroa.Mesa-News";
				PRODUCT_NAME = "$(TARGET_NAME)";
				SWIFT_VERSION = 5.0;
				TARGETED_DEVICE_FAMILY = "1,2";
			};
			name = Release;
		};
		136D44EF25583D9300AEE860 /* Debug */ = {
			isa = XCBuildConfiguration;
			buildSettings = {
				ALWAYS_EMBED_SWIFT_STANDARD_LIBRARIES = YES;
				BUNDLE_LOADER = "$(TEST_HOST)";
				CODE_SIGN_STYLE = Automatic;
				DEVELOPMENT_TEAM = NYG46NY933;
				INFOPLIST_FILE = "Mesa NewsTests/Info.plist";
				IPHONEOS_DEPLOYMENT_TARGET = 14.1;
				LD_RUNPATH_SEARCH_PATHS = (
					"$(inherited)",
					"@executable_path/Frameworks",
					"@loader_path/Frameworks",
				);
				PRODUCT_BUNDLE_IDENTIFIER = "br.felipefigueiroa.Mesa-NewsTests";
				PRODUCT_NAME = "$(TARGET_NAME)";
				SWIFT_VERSION = 5.0;
				TARGETED_DEVICE_FAMILY = "1,2";
				TEST_HOST = "$(BUILT_PRODUCTS_DIR)/Mesa News.app/Mesa News";
			};
			name = Debug;
		};
		136D44F025583D9300AEE860 /* Release */ = {
			isa = XCBuildConfiguration;
			buildSettings = {
				ALWAYS_EMBED_SWIFT_STANDARD_LIBRARIES = YES;
				BUNDLE_LOADER = "$(TEST_HOST)";
				CODE_SIGN_STYLE = Automatic;
				DEVELOPMENT_TEAM = NYG46NY933;
				INFOPLIST_FILE = "Mesa NewsTests/Info.plist";
				IPHONEOS_DEPLOYMENT_TARGET = 14.1;
				LD_RUNPATH_SEARCH_PATHS = (
					"$(inherited)",
					"@executable_path/Frameworks",
					"@loader_path/Frameworks",
				);
				PRODUCT_BUNDLE_IDENTIFIER = "br.felipefigueiroa.Mesa-NewsTests";
				PRODUCT_NAME = "$(TARGET_NAME)";
				SWIFT_VERSION = 5.0;
				TARGETED_DEVICE_FAMILY = "1,2";
				TEST_HOST = "$(BUILT_PRODUCTS_DIR)/Mesa News.app/Mesa News";
			};
			name = Release;
		};
		136D44F225583D9300AEE860 /* Debug */ = {
			isa = XCBuildConfiguration;
			buildSettings = {
				ALWAYS_EMBED_SWIFT_STANDARD_LIBRARIES = YES;
				CODE_SIGN_STYLE = Automatic;
				DEVELOPMENT_TEAM = NYG46NY933;
				INFOPLIST_FILE = "Mesa NewsUITests/Info.plist";
				LD_RUNPATH_SEARCH_PATHS = (
					"$(inherited)",
					"@executable_path/Frameworks",
					"@loader_path/Frameworks",
				);
				PRODUCT_BUNDLE_IDENTIFIER = "br.felipefigueiroa.Mesa-NewsUITests";
				PRODUCT_NAME = "$(TARGET_NAME)";
				SWIFT_VERSION = 5.0;
				TARGETED_DEVICE_FAMILY = "1,2";
				TEST_TARGET_NAME = "Mesa News";
			};
			name = Debug;
		};
		136D44F325583D9300AEE860 /* Release */ = {
			isa = XCBuildConfiguration;
			buildSettings = {
				ALWAYS_EMBED_SWIFT_STANDARD_LIBRARIES = YES;
				CODE_SIGN_STYLE = Automatic;
				DEVELOPMENT_TEAM = NYG46NY933;
				INFOPLIST_FILE = "Mesa NewsUITests/Info.plist";
				LD_RUNPATH_SEARCH_PATHS = (
					"$(inherited)",
					"@executable_path/Frameworks",
					"@loader_path/Frameworks",
				);
				PRODUCT_BUNDLE_IDENTIFIER = "br.felipefigueiroa.Mesa-NewsUITests";
				PRODUCT_NAME = "$(TARGET_NAME)";
				SWIFT_VERSION = 5.0;
				TARGETED_DEVICE_FAMILY = "1,2";
				TEST_TARGET_NAME = "Mesa News";
			};
			name = Release;
		};
/* End XCBuildConfiguration section */

/* Begin XCConfigurationList section */
		136D44B925583D9000AEE860 /* Build configuration list for PBXProject "Mesa News" */ = {
			isa = XCConfigurationList;
			buildConfigurations = (
				136D44E925583D9300AEE860 /* Debug */,
				136D44EA25583D9300AEE860 /* Release */,
			);
			defaultConfigurationIsVisible = 0;
			defaultConfigurationName = Release;
		};
		136D44EB25583D9300AEE860 /* Build configuration list for PBXNativeTarget "Mesa News" */ = {
			isa = XCConfigurationList;
			buildConfigurations = (
				136D44EC25583D9300AEE860 /* Debug */,
				136D44ED25583D9300AEE860 /* Release */,
			);
			defaultConfigurationIsVisible = 0;
			defaultConfigurationName = Release;
		};
		136D44EE25583D9300AEE860 /* Build configuration list for PBXNativeTarget "Mesa NewsTests" */ = {
			isa = XCConfigurationList;
			buildConfigurations = (
				136D44EF25583D9300AEE860 /* Debug */,
				136D44F025583D9300AEE860 /* Release */,
			);
			defaultConfigurationIsVisible = 0;
			defaultConfigurationName = Release;
		};
		136D44F125583D9300AEE860 /* Build configuration list for PBXNativeTarget "Mesa NewsUITests" */ = {
			isa = XCConfigurationList;
			buildConfigurations = (
				136D44F225583D9300AEE860 /* Debug */,
				136D44F325583D9300AEE860 /* Release */,
			);
			defaultConfigurationIsVisible = 0;
			defaultConfigurationName = Release;
		};
/* End XCConfigurationList section */

/* Begin XCVersionGroup section */
		136D44CA25583D9000AEE860 /* Mesa_News.xcdatamodeld */ = {
			isa = XCVersionGroup;
			children = (
				136D44CB25583D9000AEE860 /* Mesa_News.xcdatamodel */,
			);
			currentVersion = 136D44CB25583D9000AEE860 /* Mesa_News.xcdatamodel */;
			path = Mesa_News.xcdatamodeld;
			sourceTree = "<group>";
			versionGroupType = wrapper.xcdatamodel;
		};
/* End XCVersionGroup section */
	};
	rootObject = 136D44B625583D9000AEE860 /* Project object */;
}
