PODS:
  - Alamofire (4.9.1)
  - SwiftLint (0.40.3)

DEPENDENCIES:
  - Alamofire (= 4.9.1)
  - SwiftLint

SPEC REPOS:
  trunk:
    - Alamofire
    - SwiftLint

SPEC CHECKSUMS:
  Alamofire: 85e8a02c69d6020a0d734f6054870d7ecb75cf18
  SwiftLint: dfd554ff0dff17288ee574814ccdd5cea85d76f7

PODFILE CHECKSUM: 22d3280bd9ccb457946afb1d1bc97eaebce9b519

COCOAPODS: 1.10.0
